
Microsoft Visual Studio Solution File, Format Version 12.00
# Visual Studio 2012
Project("{FAE04EC0-301F-11D3-BF4B-00C04F79EFBC}") = "Citrix.Cloudworks.Agent", "Citrix.Cloudworks.Agent\Citrix.Cloudworks.Agent.csproj", "{A3718167-9E35-4F99-ACCE-AB6214BB8A46}"
EndProject
Project("{FAE04EC0-301F-11D3-BF4B-00C04F79EFBC}") = "Citrix.Diagnostics", "Citrix.Diagnostics\Citrix.Diagnostics.csproj", "{95706565-AF6F-4435-AD04-DAC7EC32155B}"
EndProject
Project("{FAE04EC0-301F-11D3-BF4B-00C04F79EFBC}") = "Citrix.Cloudworks.Agent.Host", "Citrix.Cloudworks.Agent.Host\Citrix.Cloudworks.Agent.Host.csproj", "{C63F763C-BE0A-4D2D-B139-4965952085F0}"
EndProject
Project("{930C7802-8A8C-48F9-8165-68863BCCD9DD}") = "Citrix.Cloudworks.Agent.Setup", "Citrix.Cloudworks.Agent.Setup\Citrix.Cloudworks.Agent.Setup.wixproj", "{DF61DD50-CD17-48F7-9800-9370BEDE6F26}"
EndProject
Project("{FAE04EC0-301F-11D3-BF4B-00C04F79EFBC}") = "Citrix.Cloudworks.TestClient", "Citrix.Cloudworks.TestClient\Citrix.Cloudworks.TestClient.csproj", "{038A9DC7-2CC1-4FBD-B81A-DE9E43E4C4E6}"
EndProject
Project("{FAE04EC0-301F-11D3-BF4B-00C04F79EFBC}") = "CloudStack.SDK", "..\cloudstack_dotnetsdk\CloudStack.SDK\CloudStack.SDK.csproj", "{17A9FE85-5623-469B-8041-F44CF404F3AE}"
EndProject
Project("{2150E333-8FDC-42A3-9474-1A3956D46DE8}") = "scripts", "scripts", "{196488E7-12F2-4F3E-BDE0-8E2DA76CFDBC}"
	ProjectSection(SolutionItems) = preProject
		scripts\AddAccessRule.ps1 = scripts\AddAccessRule.ps1
		Scripts\CreateDomain.cmd = Scripts\CreateDomain.cmd
		Scripts\CreateDomain.ps1 = Scripts\CreateDomain.ps1
		scripts\CreateTrustRelationship.cmd = scripts\CreateTrustRelationship.cmd
		scripts\CreateTrustRelationship.ps1 = scripts\CreateTrustRelationship.ps1
		scripts\DT2SetConfiguration.cmd = scripts\DT2SetConfiguration.cmd
		scripts\DT2SetConfiguration.ps1 = scripts\DT2SetConfiguration.ps1
		scripts\GetDnsConfiguration.cmd = scripts\GetDnsConfiguration.cmd
		Scripts\GetDnsConfiguration.ps1 = Scripts\GetDnsConfiguration.ps1
		scripts\InstallMsi.cmd = scripts\InstallMsi.cmd
		scripts\InstallMsi.ps1 = scripts\InstallMsi.ps1
		Scripts\JoinDomain.cmd = Scripts\JoinDomain.cmd
		Scripts\JoinDomain.ps1 = Scripts\JoinDomain.ps1
		Scripts\RebootTask.ps1 = Scripts\RebootTask.ps1
		Scripts\RenameComputer.cmd = Scripts\RenameComputer.cmd
		Scripts\RenameComputer.ps1 = Scripts\RenameComputer.ps1
		Scripts\RenameComputerCreateDomainSample.ps1 = Scripts\RenameComputerCreateDomainSample.ps1
		Scripts\RenameComputerJoinDomainSample.ps1 = Scripts\RenameComputerJoinDomainSample.ps1
		scripts\ResetLocalAccount.cmd = scripts\ResetLocalAccount.cmd
		scripts\ResetLocalAccount.ps1 = scripts\ResetLocalAccount.ps1
		scripts\SetDnsConfiguration.cmd = scripts\SetDnsConfiguration.cmd
		Scripts\SetDnsConfiguration.ps1 = Scripts\SetDnsConfiguration.ps1
		scripts\SetDnsForwarder.cmd = scripts\SetDnsForwarder.cmd
		scripts\SetDnsForwarder.ps1 = scripts\SetDnsForwarder.ps1
		Scripts\unattend-template.txt = Scripts\unattend-template.txt
		scripts\XDCreateConnection.cmd = scripts\XDCreateConnection.cmd
		scripts\XDCreateConnection.ps1 = scripts\XDCreateConnection.ps1
		scripts\XDCreateSite.cmd = scripts\XDCreateSite.cmd
		scripts\XDCreateSite.ps1 = scripts\XDCreateSite.ps1
		scripts\XDInstallSingleServer.cmd = scripts\XDInstallSingleServer.cmd
		scripts\XDInstallSingleServer.ps1 = scripts\XDInstallSingleServer.ps1
	EndProjectSection
EndProject
Project("{888888A0-9F3D-457C-B088-3A5042F75D52}") = "aws-cfn-bootstrap-1.3", "aws-cfn-bootstrap-1.3\aws-cfn-bootstrap-1.3.pyproj", "{26AA661F-8013-4EA5-95AD-DC4897EB3507}"
EndProject
Project("{22325025-CDA3-4736-83CB-2D32D2FCC215}") = "Citrix.Cloudworks.AwsTemplates", "Citrix.Cloudworks.AwsTemplates\Citrix.Cloudworks.AwsTemplates.cfproj", "{99999999-9999-9999-9999-999999999999}"
EndProject
Project("{930C7802-8A8C-48F9-8165-68863BCCD9DD}") = "Citrix.Cloudworks.Scripts.Setup", "Citrix.Cloudworks.Scripts.Setup\Citrix.Cloudworks.Scripts.Setup.wixproj", "{3E81A1AF-944B-430C-8DF5-97C40D3C156B}"
EndProject
Project("{2150E333-8FDC-42A3-9474-1A3956D46DE8}") = "CloudworksTools", "CloudworksTools", "{99D90AC2-33B6-42F4-8011-E9097E4A60C4}"
	ProjectSection(SolutionItems) = preProject
		scripts\CloudworksTools\CloudworksTools.psm1 = scripts\CloudworksTools\CloudworksTools.psm1
	EndProjectSection
EndProject
Project("{2150E333-8FDC-42A3-9474-1A3956D46DE8}") = "XenDesktopTools", "XenDesktopTools", "{E67C1820-C14C-44BB-BF86-D05378150A1E}"
	ProjectSection(SolutionItems) = preProject
		scripts\XenDesktopTools\XenDesktopTools.psm1 = scripts\XenDesktopTools\XenDesktopTools.psm1
	EndProjectSection
EndProject
Global
	GlobalSection(SolutionConfigurationPlatforms) = preSolution
		Debug|Any CPU = Debug|Any CPU
		Debug|Mixed Platforms = Debug|Mixed Platforms
		Debug|x86 = Debug|x86
		Release|Any CPU = Release|Any CPU
		Release|Mixed Platforms = Release|Mixed Platforms
		Release|x86 = Release|x86
	EndGlobalSection
	GlobalSection(ProjectConfigurationPlatforms) = postSolution
		{A3718167-9E35-4F99-ACCE-AB6214BB8A46}.Debug|Any CPU.ActiveCfg = Debug|Any CPU
		{A3718167-9E35-4F99-ACCE-AB6214BB8A46}.Debug|Any CPU.Build.0 = Debug|Any CPU
		{A3718167-9E35-4F99-ACCE-AB6214BB8A46}.Debug|Mixed Platforms.ActiveCfg = Debug|Any CPU
		{A3718167-9E35-4F99-ACCE-AB6214BB8A46}.Debug|Mixed Platforms.Build.0 = Debug|Any CPU
		{A3718167-9E35-4F99-ACCE-AB6214BB8A46}.Debug|x86.ActiveCfg = Debug|Any CPU
		{A3718167-9E35-4F99-ACCE-AB6214BB8A46}.Release|Any CPU.ActiveCfg = Release|Any CPU
		{A3718167-9E35-4F99-ACCE-AB6214BB8A46}.Release|Any CPU.Build.0 = Release|Any CPU
		{A3718167-9E35-4F99-ACCE-AB6214BB8A46}.Release|Mixed Platforms.ActiveCfg = Release|Any CPU
		{A3718167-9E35-4F99-ACCE-AB6214BB8A46}.Release|Mixed Platforms.Build.0 = Release|Any CPU
		{A3718167-9E35-4F99-ACCE-AB6214BB8A46}.Release|x86.ActiveCfg = Release|Any CPU
		{95706565-AF6F-4435-AD04-DAC7EC32155B}.Debug|Any CPU.ActiveCfg = Debug|Any CPU
		{95706565-AF6F-4435-AD04-DAC7EC32155B}.Debug|Any CPU.Build.0 = Debug|Any CPU
		{95706565-AF6F-4435-AD04-DAC7EC32155B}.Debug|Mixed Platforms.ActiveCfg = Debug|Any CPU
		{95706565-AF6F-4435-AD04-DAC7EC32155B}.Debug|Mixed Platforms.Build.0 = Debug|Any CPU
		{95706565-AF6F-4435-AD04-DAC7EC32155B}.Debug|x86.ActiveCfg = Debug|Any CPU
		{95706565-AF6F-4435-AD04-DAC7EC32155B}.Release|Any CPU.ActiveCfg = Release|Any CPU
		{95706565-AF6F-4435-AD04-DAC7EC32155B}.Release|Any CPU.Build.0 = Release|Any CPU
		{95706565-AF6F-4435-AD04-DAC7EC32155B}.Release|Mixed Platforms.ActiveCfg = Release|Any CPU
		{95706565-AF6F-4435-AD04-DAC7EC32155B}.Release|Mixed Platforms.Build.0 = Release|Any CPU
		{95706565-AF6F-4435-AD04-DAC7EC32155B}.Release|x86.ActiveCfg = Release|Any CPU
		{C63F763C-BE0A-4D2D-B139-4965952085F0}.Debug|Any CPU.ActiveCfg = Debug|Any CPU
		{C63F763C-BE0A-4D2D-B139-4965952085F0}.Debug|Any CPU.Build.0 = Debug|Any CPU
		{C63F763C-BE0A-4D2D-B139-4965952085F0}.Debug|Mixed Platforms.ActiveCfg = Debug|Any CPU
		{C63F763C-BE0A-4D2D-B139-4965952085F0}.Debug|Mixed Platforms.Build.0 = Debug|Any CPU
		{C63F763C-BE0A-4D2D-B139-4965952085F0}.Debug|x86.ActiveCfg = Debug|Any CPU
		{C63F763C-BE0A-4D2D-B139-4965952085F0}.Release|Any CPU.ActiveCfg = Release|Any CPU
		{C63F763C-BE0A-4D2D-B139-4965952085F0}.Release|Any CPU.Build.0 = Release|Any CPU
		{C63F763C-BE0A-4D2D-B139-4965952085F0}.Release|Mixed Platforms.ActiveCfg = Release|Any CPU
		{C63F763C-BE0A-4D2D-B139-4965952085F0}.Release|Mixed Platforms.Build.0 = Release|Any CPU
		{C63F763C-BE0A-4D2D-B139-4965952085F0}.Release|x86.ActiveCfg = Release|Any CPU
		{DF61DD50-CD17-48F7-9800-9370BEDE6F26}.Debug|Any CPU.ActiveCfg = Debug|x86
		{DF61DD50-CD17-48F7-9800-9370BEDE6F26}.Debug|Mixed Platforms.ActiveCfg = Debug|x86
		{DF61DD50-CD17-48F7-9800-9370BEDE6F26}.Debug|x86.ActiveCfg = Debug|x86
		{DF61DD50-CD17-48F7-9800-9370BEDE6F26}.Debug|x86.Build.0 = Debug|x86
		{DF61DD50-CD17-48F7-9800-9370BEDE6F26}.Release|Any CPU.ActiveCfg = Release|x86
		{DF61DD50-CD17-48F7-9800-9370BEDE6F26}.Release|Mixed Platforms.ActiveCfg = Release|x86
		{DF61DD50-CD17-48F7-9800-9370BEDE6F26}.Release|Mixed Platforms.Build.0 = Release|x86
		{DF61DD50-CD17-48F7-9800-9370BEDE6F26}.Release|x86.ActiveCfg = Release|x86
		{DF61DD50-CD17-48F7-9800-9370BEDE6F26}.Release|x86.Build.0 = Release|x86
		{038A9DC7-2CC1-4FBD-B81A-DE9E43E4C4E6}.Debug|Any CPU.ActiveCfg = Debug|Any CPU
		{038A9DC7-2CC1-4FBD-B81A-DE9E43E4C4E6}.Debug|Any CPU.Build.0 = Debug|Any CPU
		{038A9DC7-2CC1-4FBD-B81A-DE9E43E4C4E6}.Debug|Mixed Platforms.ActiveCfg = Debug|Any CPU
		{038A9DC7-2CC1-4FBD-B81A-DE9E43E4C4E6}.Debug|Mixed Platforms.Build.0 = Debug|Any CPU
		{038A9DC7-2CC1-4FBD-B81A-DE9E43E4C4E6}.Debug|x86.ActiveCfg = Debug|Any CPU
		{038A9DC7-2CC1-4FBD-B81A-DE9E43E4C4E6}.Release|Any CPU.ActiveCfg = Release|Any CPU
		{038A9DC7-2CC1-4FBD-B81A-DE9E43E4C4E6}.Release|Any CPU.Build.0 = Release|Any CPU
		{038A9DC7-2CC1-4FBD-B81A-DE9E43E4C4E6}.Release|Mixed Platforms.ActiveCfg = Release|Any CPU
		{038A9DC7-2CC1-4FBD-B81A-DE9E43E4C4E6}.Release|Mixed Platforms.Build.0 = Release|Any CPU
		{038A9DC7-2CC1-4FBD-B81A-DE9E43E4C4E6}.Release|x86.ActiveCfg = Release|Any CPU
		{17A9FE85-5623-469B-8041-F44CF404F3AE}.Debug|Any CPU.ActiveCfg = Debug|Any CPU
		{17A9FE85-5623-469B-8041-F44CF404F3AE}.Debug|Any CPU.Build.0 = Debug|Any CPU
		{17A9FE85-5623-469B-8041-F44CF404F3AE}.Debug|Mixed Platforms.ActiveCfg = Debug|Any CPU
		{17A9FE85-5623-469B-8041-F44CF404F3AE}.Debug|Mixed Platforms.Build.0 = Debug|Any CPU
		{17A9FE85-5623-469B-8041-F44CF404F3AE}.Debug|x86.ActiveCfg = Debug|Any CPU
		{17A9FE85-5623-469B-8041-F44CF404F3AE}.Release|Any CPU.ActiveCfg = Release|Any CPU
		{17A9FE85-5623-469B-8041-F44CF404F3AE}.Release|Any CPU.Build.0 = Release|Any CPU
		{17A9FE85-5623-469B-8041-F44CF404F3AE}.Release|Mixed Platforms.ActiveCfg = Release|Any CPU
		{17A9FE85-5623-469B-8041-F44CF404F3AE}.Release|Mixed Platforms.Build.0 = Release|Any CPU
		{17A9FE85-5623-469B-8041-F44CF404F3AE}.Release|x86.ActiveCfg = Release|Any CPU
		{26AA661F-8013-4EA5-95AD-DC4897EB3507}.Debug|Any CPU.ActiveCfg = Debug|Any CPU
		{26AA661F-8013-4EA5-95AD-DC4897EB3507}.Debug|Any CPU.Build.0 = Debug|Any CPU
		{26AA661F-8013-4EA5-95AD-DC4897EB3507}.Debug|Mixed Platforms.ActiveCfg = Debug|Any CPU
		{26AA661F-8013-4EA5-95AD-DC4897EB3507}.Debug|Mixed Platforms.Build.0 = Debug|Any CPU
		{26AA661F-8013-4EA5-95AD-DC4897EB3507}.Debug|x86.ActiveCfg = Debug|Any CPU
		{26AA661F-8013-4EA5-95AD-DC4897EB3507}.Release|Any CPU.ActiveCfg = Release|Any CPU
		{26AA661F-8013-4EA5-95AD-DC4897EB3507}.Release|Any CPU.Build.0 = Release|Any CPU
		{26AA661F-8013-4EA5-95AD-DC4897EB3507}.Release|Mixed Platforms.ActiveCfg = Release|Any CPU
		{26AA661F-8013-4EA5-95AD-DC4897EB3507}.Release|Mixed Platforms.Build.0 = Release|Any CPU
		{26AA661F-8013-4EA5-95AD-DC4897EB3507}.Release|x86.ActiveCfg = Release|Any CPU
		{99999999-9999-9999-9999-999999999999}.Debug|Any CPU.ActiveCfg = Debug|x86
		{99999999-9999-9999-9999-999999999999}.Debug|Mixed Platforms.ActiveCfg = Debug|x86
		{99999999-9999-9999-9999-999999999999}.Debug|Mixed Platforms.Build.0 = Debug|x86
		{99999999-9999-9999-9999-999999999999}.Debug|x86.ActiveCfg = Debug|x86
		{99999999-9999-9999-9999-999999999999}.Debug|x86.Build.0 = Debug|x86
		{99999999-9999-9999-9999-999999999999}.Release|Any CPU.ActiveCfg = Release|x86
		{99999999-9999-9999-9999-999999999999}.Release|Mixed Platforms.ActiveCfg = Release|x86
		{99999999-9999-9999-9999-999999999999}.Release|Mixed Platforms.Build.0 = Release|x86
		{99999999-9999-9999-9999-999999999999}.Release|x86.ActiveCfg = Release|x86
		{99999999-9999-9999-9999-999999999999}.Release|x86.Build.0 = Release|x86
		{3E81A1AF-944B-430C-8DF5-97C40D3C156B}.Debug|Any CPU.ActiveCfg = Debug|x86
		{3E81A1AF-944B-430C-8DF5-97C40D3C156B}.Debug|Mixed Platforms.ActiveCfg = Debug|x86
		{3E81A1AF-944B-430C-8DF5-97C40D3C156B}.Debug|Mixed Platforms.Build.0 = Debug|x86
		{3E81A1AF-944B-430C-8DF5-97C40D3C156B}.Debug|x86.ActiveCfg = Debug|x86
		{3E81A1AF-944B-430C-8DF5-97C40D3C156B}.Debug|x86.Build.0 = Debug|x86
		{3E81A1AF-944B-430C-8DF5-97C40D3C156B}.Release|Any CPU.ActiveCfg = Release|x86
		{3E81A1AF-944B-430C-8DF5-97C40D3C156B}.Release|Mixed Platforms.ActiveCfg = Release|x86
		{3E81A1AF-944B-430C-8DF5-97C40D3C156B}.Release|Mixed Platforms.Build.0 = Release|x86
		{3E81A1AF-944B-430C-8DF5-97C40D3C156B}.Release|x86.ActiveCfg = Release|x86
		{3E81A1AF-944B-430C-8DF5-97C40D3C156B}.Release|x86.Build.0 = Release|x86
	EndGlobalSection
	GlobalSection(SolutionProperties) = preSolution
		HideSolutionNode = FALSE
	EndGlobalSection
	GlobalSection(NestedProjects) = preSolution
		{99D90AC2-33B6-42F4-8011-E9097E4A60C4} = {196488E7-12F2-4F3E-BDE0-8E2DA76CFDBC}
		{E67C1820-C14C-44BB-BF86-D05378150A1E} = {196488E7-12F2-4F3E-BDE0-8E2DA76CFDBC}
	EndGlobalSection
EndGlobal
